
Microsoft Visual Studio Solution File, Format Version 11.00
# Visual Studio 2010
Project("{FAE04EC0-301F-11D3-BF4B-00C04F79EFBC}") = "FaceBookFriends", "FaceBookFriends\FaceBookFriends.csproj", "{90D24C8C-D309-47AC-81E1-E45E01FAD919}"
EndProject
Global
	GlobalSection(SolutionConfigurationPlatforms) = preSolution
		Debug|Any CPU = Debug|Any CPU
		Release|Any CPU = Release|Any CPU
	EndGlobalSection
	GlobalSection(ProjectConfigurationPlatforms) = postSolution
		{90D24C8C-D309-47AC-81E1-E45E01FAD919}.Debug|Any CPU.ActiveCfg = Debug|Any CPU
		{90D24C8C-D309-47AC-81E1-E45E01FAD919}.Debug|Any CPU.Build.0 = Debug|Any CPU
		{90D24C8C-D309-47AC-81E1-E45E01FAD919}.Release|Any CPU.ActiveCfg = Release|Any CPU
		{90D24C8C-D309-47AC-81E1-E45E01FAD919}.Release|Any CPU.Build.0 = Release|Any CPU
	EndGlobalSection
	GlobalSection(SolutionProperties) = preSolution
		HideSolutionNode = FALSE
	EndGlobalSection
EndGlobal
